
Microsoft Visual Studio Solution File, Format Version 12.00
# Visual Studio Version 17
VisualStudioVersion = 17.0.31903.59
MinimumVisualStudioVersion = 10.0.40219.1
Project("{2150E333-8FDC-42A3-9474-1A3956D46DE8}") = "src", "src", "{5812CEA9-4905-4AF9-9E46-4E552C317D35}"
EndProject
Project("{FAE04EC0-301F-11D3-BF4B-00C04F79EFBC}") = "AOCRunner", "src\AOCRunner\AOCRunner.csproj", "{B910BC80-B479-45A5-962A-5B96076F059A}"
EndProject
Project("{FAE04EC0-301F-11D3-BF4B-00C04F79EFBC}") = "Utilities", "src\Utilities\Utilities.csproj", "{2383BFCC-12C3-4313-9DF7-A3A793789041}"
EndProject
Project("{FAE04EC0-301F-11D3-BF4B-00C04F79EFBC}") = "Domain", "src\Domain\Domain.csproj", "{1FC22D96-0EF7-4DB0-A4CC-90CD8280793F}"
EndProject
Project("{FAE04EC0-301F-11D3-BF4B-00C04F79EFBC}") = "Infrastructure", "src\Infrastructure\Infrastructure.csproj", "{C95D9CBB-6EB9-43D9-961D-36385067A361}"
EndProject
Global
	GlobalSection(SolutionConfigurationPlatforms) = preSolution
		Debug|Any CPU = Debug|Any CPU
		Release|Any CPU = Release|Any CPU
	EndGlobalSection
	GlobalSection(SolutionProperties) = preSolution
		HideSolutionNode = FALSE
	EndGlobalSection
	GlobalSection(ProjectConfigurationPlatforms) = postSolution
		{B910BC80-B479-45A5-962A-5B96076F059A}.Debug|Any CPU.ActiveCfg = Debug|Any CPU
		{B910BC80-B479-45A5-962A-5B96076F059A}.Debug|Any CPU.Build.0 = Debug|Any CPU
		{B910BC80-B479-45A5-962A-5B96076F059A}.Release|Any CPU.ActiveCfg = Release|Any CPU
		{B910BC80-B479-45A5-962A-5B96076F059A}.Release|Any CPU.Build.0 = Release|Any CPU
		{2383BFCC-12C3-4313-9DF7-A3A793789041}.Debug|Any CPU.ActiveCfg = Debug|Any CPU
		{2383BFCC-12C3-4313-9DF7-A3A793789041}.Debug|Any CPU.Build.0 = Debug|Any CPU
		{2383BFCC-12C3-4313-9DF7-A3A793789041}.Release|Any CPU.ActiveCfg = Release|Any CPU
		{2383BFCC-12C3-4313-9DF7-A3A793789041}.Release|Any CPU.Build.0 = Release|Any CPU
		{1FC22D96-0EF7-4DB0-A4CC-90CD8280793F}.Debug|Any CPU.ActiveCfg = Debug|Any CPU
		{1FC22D96-0EF7-4DB0-A4CC-90CD8280793F}.Debug|Any CPU.Build.0 = Debug|Any CPU
		{1FC22D96-0EF7-4DB0-A4CC-90CD8280793F}.Release|Any CPU.ActiveCfg = Release|Any CPU
		{1FC22D96-0EF7-4DB0-A4CC-90CD8280793F}.Release|Any CPU.Build.0 = Release|Any CPU
		{C95D9CBB-6EB9-43D9-961D-36385067A361}.Debug|Any CPU.ActiveCfg = Debug|Any CPU
		{C95D9CBB-6EB9-43D9-961D-36385067A361}.Debug|Any CPU.Build.0 = Debug|Any CPU
		{C95D9CBB-6EB9-43D9-961D-36385067A361}.Release|Any CPU.ActiveCfg = Release|Any CPU
		{C95D9CBB-6EB9-43D9-961D-36385067A361}.Release|Any CPU.Build.0 = Release|Any CPU
	EndGlobalSection
	GlobalSection(NestedProjects) = preSolution
		{B910BC80-B479-45A5-962A-5B96076F059A} = {5812CEA9-4905-4AF9-9E46-4E552C317D35}
		{2383BFCC-12C3-4313-9DF7-A3A793789041} = {5812CEA9-4905-4AF9-9E46-4E552C317D35}
		{1FC22D96-0EF7-4DB0-A4CC-90CD8280793F} = {5812CEA9-4905-4AF9-9E46-4E552C317D35}
		{C95D9CBB-6EB9-43D9-961D-36385067A361} = {5812CEA9-4905-4AF9-9E46-4E552C317D35}
	EndGlobalSection
EndGlobal
